{
  "nodes": {
    "automata-flake": {
      "inputs": {
        "dictconfig": "dictconfig",
        "nixpkgs": [
          "nixpkgs"
        ]
      },
      "locked": {
        "lastModified": 1767991704,
        "narHash": "sha256-wcn8oLbdmc+Z6NdForfmsUSd619I9PxVAlfS57+ivWU=",
        "owner": "eldridgejm",
        "repo": "automata",
        "rev": "565b7babee706f5c11d98ddf50d6cc684b2b9dc1",
        "type": "github"
      },
      "original": {
        "owner": "eldridgejm",
        "repo": "automata",
        "type": "github"
      }
    },
    "dictconfig": {
      "inputs": {
        "nixpkgs": [
          "automata-flake",
          "nixpkgs"
        ]
      },
      "locked": {
        "lastModified": 1642209113,
        "narHash": "sha256-v540rEH20Cs98cGgXRLgHWvMuZb03tuk906rSvQZnyY=",
        "owner": "eldridgejm",
        "repo": "dictconfig",
        "rev": "cc8bd3c9e3fd524087cfdf82cd9c49f472e95c68",
        "type": "github"
      },
      "original": {
        "owner": "eldridgejm",
        "ref": "master",
        "repo": "dictconfig",
        "type": "github"
      }
    },
    "dsc40graph-flake": {
      "inputs": {
        "nixpkgs": [
          "nixpkgs"
        ]
      },
      "locked": {
        "lastModified": 1663103664,
        "narHash": "sha256-vm2mGIJlYWohjxHoU4NQAlYF40vsjs8RFdsNIVXroO4=",
        "owner": "eldridgejm",
        "repo": "dsc40graph",
        "rev": "c1e7f9dc930026ee6217713b319dcaaeeb2a1046",
        "type": "github"
      },
      "original": {
        "owner": "eldridgejm",
        "repo": "dsc40graph",
        "type": "github"
      }
    },
    "dsctex-flake": {
      "inputs": {
        "nixpkgs": [
          "nixpkgs"
        ]
      },
      "locked": {
        "lastModified": 1731282669,
        "narHash": "sha256-h3NzyDR2YiGYUAp8DhCtZ/7D/VpoG6H5T8KrLg0F/jI=",
        "owner": "eldridgejm",
        "repo": "dsctex",
        "rev": "e9587837dae43620276ad6febbf396037fa33c0f",
        "type": "github"
      },
      "original": {
        "owner": "eldridgejm",
        "repo": "dsctex",
        "type": "github"
      }
    },
    "gradelib-flake": {
      "inputs": {
        "nixpkgs": [
          "nixpkgs"
        ]
      },
      "locked": {
        "lastModified": 1711332544,
        "narHash": "sha256-5CV9PSLovt2J8lLEjTs7Y5aJ7VnXCaZxmNifNf/StRA=",
        "owner": "eldridgejm",
        "repo": "gradelib",
        "rev": "fec88bd620fe7987dcdbe4c0162c2fcefedcee4e",
        "type": "github"
      },
      "original": {
        "owner": "eldridgejm",
        "repo": "gradelib",
        "type": "github"
      }
    },
    "nixpkgs": {
      "locked": {
        "lastModified": 1701282334,
        "narHash": "sha256-MxCVrXY6v4QmfTwIysjjaX0XUhqBbxTWWB4HXtDYsdk=",
        "owner": "NixOS",
        "repo": "nixpkgs",
        "rev": "057f9aecfb71c4437d2b27d3323df7f93c010b7e",
        "type": "github"
      },
      "original": {
        "owner": "NixOS",
        "ref": "23.11",
        "repo": "nixpkgs",
        "type": "github"
      }
    },
    "removesoln-flake": {
      "inputs": {
        "nixpkgs": [
          "nixpkgs"
        ]
      },
      "locked": {
        "lastModified": 1642209289,
        "narHash": "sha256-EIVhIhfp9xsQIZNDEJcUnlW2bGTZYi4gJQLF/lFGaUs=",
        "owner": "eldridgejm",
        "repo": "removesoln",
        "rev": "02ce3d9a4d1a7bd9e76182ff796aea4d2d2ddb35",
        "type": "github"
      },
      "original": {
        "owner": "eldridgejm",
        "repo": "removesoln",
        "type": "github"
      }
    },
    "root": {
      "inputs": {
        "automata-flake": "automata-flake",
        "dsc40graph-flake": "dsc40graph-flake",
        "dsctex-flake": "dsctex-flake",
        "gradelib-flake": "gradelib-flake",
        "nixpkgs": "nixpkgs",
        "removesoln-flake": "removesoln-flake"
      }
    }
  },
  "root": "root",
  "version": 7
}
