{
  "nodes": {
    "automata-flake": {
      "inputs": {
        "dictconfig": "dictconfig",
        "nixpkgs": [
          "nixpkgs"
        ]
      },
      "locked": {
        "lastModified": 1642209159,
        "narHash": "sha256-dTrSJRxWHcAxc2f/LgYgciu3IzcHjVjhypUkyfwtmw0=",
        "owner": "eldridgejm",
        "repo": "automata",
        "rev": "8766ca9076b5280d410bd23703cbc82898bd3a2c",
        "type": "github"
      },
      "original": {
        "owner": "eldridgejm",
        "repo": "automata",
        "type": "github"
      }
    },
    "dictconfig": {
      "inputs": {
        "nixpkgs": [
          "automata-flake",
          "nixpkgs"
        ]
      },
      "locked": {
        "lastModified": 1642209113,
        "narHash": "sha256-v540rEH20Cs98cGgXRLgHWvMuZb03tuk906rSvQZnyY=",
        "owner": "eldridgejm",
        "repo": "dictconfig",
        "rev": "cc8bd3c9e3fd524087cfdf82cd9c49f472e95c68",
        "type": "github"
      },
      "original": {
        "owner": "eldridgejm",
        "ref": "master",
        "repo": "dictconfig",
        "type": "github"
      }
    },
    "dsc40graph-flake": {
      "inputs": {
        "nixpkgs": [
          "nixpkgs"
        ]
      },
      "locked": {
        "lastModified": 1663103664,
        "narHash": "sha256-vm2mGIJlYWohjxHoU4NQAlYF40vsjs8RFdsNIVXroO4=",
        "owner": "eldridgejm",
        "repo": "dsc40graph",
        "rev": "c1e7f9dc930026ee6217713b319dcaaeeb2a1046",
        "type": "github"
      },
      "original": {
        "owner": "eldridgejm",
        "repo": "dsc40graph",
        "type": "github"
      }
    },
    "dsctex-flake": {
      "inputs": {
        "nixpkgs": [
          "nixpkgs"
        ]
      },
      "locked": {
        "lastModified": 1671738407,
        "narHash": "sha256-+0Tg2TDitNQw1BjG6GZp9BVl1ABqtBbBAsZbo7ihMp8=",
        "owner": "eldridgejm",
        "repo": "dsctex",
        "rev": "bb0e557859c6c12ecaf9d36016f41150366346d3",
        "type": "github"
      },
      "original": {
        "owner": "eldridgejm",
        "repo": "dsctex",
        "type": "github"
      }
    },
    "gradelib-flake": {
      "inputs": {
        "nixpkgs": [
          "nixpkgs"
        ]
      },
      "locked": {
        "lastModified": 1671056623,
        "narHash": "sha256-mBf2QN0MRiIAcUcW4+D/WHLiMIGB2YwZ3hiuHlrh1to=",
        "owner": "eldridgejm",
        "repo": "gradelib",
        "rev": "cb6f91280bf79128590dcfe8bdc3db62eef0bc8c",
        "type": "github"
      },
      "original": {
        "owner": "eldridgejm",
        "repo": "gradelib",
        "type": "github"
      }
    },
    "nixpkgs": {
      "locked": {
        "lastModified": 1638239011,
        "narHash": "sha256-AjhmbT4UBlJWqxY0ea8a6GU2C2HdKUREkG43oRr3TZg=",
        "owner": "NixOS",
        "repo": "nixpkgs",
        "rev": "a7ecde854aee5c4c7cd6177f54a99d2c1ff28a31",
        "type": "github"
      },
      "original": {
        "owner": "NixOS",
        "ref": "21.11",
        "repo": "nixpkgs",
        "type": "github"
      }
    },
    "removesoln-flake": {
      "inputs": {
        "nixpkgs": [
          "nixpkgs"
        ]
      },
      "locked": {
        "lastModified": 1642209289,
        "narHash": "sha256-EIVhIhfp9xsQIZNDEJcUnlW2bGTZYi4gJQLF/lFGaUs=",
        "owner": "eldridgejm",
        "repo": "removesoln",
        "rev": "02ce3d9a4d1a7bd9e76182ff796aea4d2d2ddb35",
        "type": "github"
      },
      "original": {
        "owner": "eldridgejm",
        "repo": "removesoln",
        "type": "github"
      }
    },
    "root": {
      "inputs": {
        "automata-flake": "automata-flake",
        "dsc40graph-flake": "dsc40graph-flake",
        "dsctex-flake": "dsctex-flake",
        "gradelib-flake": "gradelib-flake",
        "nixpkgs": "nixpkgs",
        "removesoln-flake": "removesoln-flake"
      }
    }
  },
  "root": "root",
  "version": 7
}
